
Microsoft Visual Studio Solution File, Format Version 12.00
# Visual Studio Version 16
VisualStudioVersion = 16.0.30114.105
MinimumVisualStudioVersion = 10.0.40219.1
Project("{FAE04EC0-301F-11D3-BF4B-00C04F79EFBC}") = "SplashRentals.Domain", "SplashRentals.Domain\SplashRentals.Domain.csproj", "{98FC2D7F-2416-4D59-88D6-A7E01B541DEA}"
EndProject
Project("{FAE04EC0-301F-11D3-BF4B-00C04F79EFBC}") = "SplashRentals.Application", "SplashRentals.Application\SplashRentals.Application.csproj", "{8D06929C-B7BD-495F-AA40-17C82974A0B1}"
EndProject
Project("{FAE04EC0-301F-11D3-BF4B-00C04F79EFBC}") = "SplashRentals.Infrastructure", "SplashRentals.Infrastructure\SplashRentals.Infrastructure.csproj", "{3BEA330D-6B6B-4A79-BEEB-6EECF75820E8}"
EndProject
Project("{FAE04EC0-301F-11D3-BF4B-00C04F79EFBC}") = "SplashRentals.Web", "SplashRentals.Web\SplashRentals.Web.csproj", "{B1761FA8-8F07-4F11-87C6-7F23F17B8E8C}"
EndProject
Project("{FAE04EC0-301F-11D3-BF4B-00C04F79EFBC}") = "SplashRentals.Integration.Tests", "SplashRentals.Integration.Tests\SplashRentals.Integration.Tests.csproj", "{131407E1-0FEE-4018-8392-0FB4BFFC2DC3}"
EndProject
Project("{2150E333-8FDC-42A3-9474-1A3956D46DE8}") = "core", "core", "{FF880C44-6F4E-4A4C-AB37-143865187DD8}"
EndProject
Project("{2150E333-8FDC-42A3-9474-1A3956D46DE8}") = "tests", "tests", "{DF2DD3FC-D72C-4E3A-B8CF-89B098022B87}"
EndProject
Project("{FAE04EC0-301F-11D3-BF4B-00C04F79EFBC}") = "SplashRentals.Application.Tests", "SplashRentals.Application.Tests\SplashRentals.Application.Tests.csproj", "{21058108-F740-40B8-8A79-DF0D0F954719}"
EndProject
Project("{FAE04EC0-301F-11D3-BF4B-00C04F79EFBC}") = "SplashRentals.Domain.Tests", "SplashRentals.Domain.Tests\SplashRentals.Domain.Tests.csproj", "{480B4299-38FC-4B2B-A6CF-B927BCF2AF96}"
EndProject
Project("{FAE04EC0-301F-11D3-BF4B-00C04F79EFBC}") = "SplashRentals.Infrastructure.Tests", "SplashRentals.Infrastructure.Tests\SplashRentals.Infrastructure.Tests.csproj", "{719FA2BD-C13A-4F15-B1A9-6A2286F57E43}"
EndProject
Global
	GlobalSection(SolutionConfigurationPlatforms) = preSolution
		Debug|Any CPU = Debug|Any CPU
		Debug|x64 = Debug|x64
		Debug|x86 = Debug|x86
		Release|Any CPU = Release|Any CPU
		Release|x64 = Release|x64
		Release|x86 = Release|x86
	EndGlobalSection
	GlobalSection(SolutionProperties) = preSolution
		HideSolutionNode = FALSE
	EndGlobalSection
	GlobalSection(ProjectConfigurationPlatforms) = postSolution
		{98FC2D7F-2416-4D59-88D6-A7E01B541DEA}.Debug|Any CPU.ActiveCfg = Debug|Any CPU
		{98FC2D7F-2416-4D59-88D6-A7E01B541DEA}.Debug|Any CPU.Build.0 = Debug|Any CPU
		{98FC2D7F-2416-4D59-88D6-A7E01B541DEA}.Debug|x64.ActiveCfg = Debug|Any CPU
		{98FC2D7F-2416-4D59-88D6-A7E01B541DEA}.Debug|x64.Build.0 = Debug|Any CPU
		{98FC2D7F-2416-4D59-88D6-A7E01B541DEA}.Debug|x86.ActiveCfg = Debug|Any CPU
		{98FC2D7F-2416-4D59-88D6-A7E01B541DEA}.Debug|x86.Build.0 = Debug|Any CPU
		{98FC2D7F-2416-4D59-88D6-A7E01B541DEA}.Release|Any CPU.ActiveCfg = Release|Any CPU
		{98FC2D7F-2416-4D59-88D6-A7E01B541DEA}.Release|Any CPU.Build.0 = Release|Any CPU
		{98FC2D7F-2416-4D59-88D6-A7E01B541DEA}.Release|x64.ActiveCfg = Release|Any CPU
		{98FC2D7F-2416-4D59-88D6-A7E01B541DEA}.Release|x64.Build.0 = Release|Any CPU
		{98FC2D7F-2416-4D59-88D6-A7E01B541DEA}.Release|x86.ActiveCfg = Release|Any CPU
		{98FC2D7F-2416-4D59-88D6-A7E01B541DEA}.Release|x86.Build.0 = Release|Any CPU
		{8D06929C-B7BD-495F-AA40-17C82974A0B1}.Debug|Any CPU.ActiveCfg = Debug|Any CPU
		{8D06929C-B7BD-495F-AA40-17C82974A0B1}.Debug|Any CPU.Build.0 = Debug|Any CPU
		{8D06929C-B7BD-495F-AA40-17C82974A0B1}.Debug|x64.ActiveCfg = Debug|Any CPU
		{8D06929C-B7BD-495F-AA40-17C82974A0B1}.Debug|x64.Build.0 = Debug|Any CPU
		{8D06929C-B7BD-495F-AA40-17C82974A0B1}.Debug|x86.ActiveCfg = Debug|Any CPU
		{8D06929C-B7BD-495F-AA40-17C82974A0B1}.Debug|x86.Build.0 = Debug|Any CPU
		{8D06929C-B7BD-495F-AA40-17C82974A0B1}.Release|Any CPU.ActiveCfg = Release|Any CPU
		{8D06929C-B7BD-495F-AA40-17C82974A0B1}.Release|Any CPU.Build.0 = Release|Any CPU
		{8D06929C-B7BD-495F-AA40-17C82974A0B1}.Release|x64.ActiveCfg = Release|Any CPU
		{8D06929C-B7BD-495F-AA40-17C82974A0B1}.Release|x64.Build.0 = Release|Any CPU
		{8D06929C-B7BD-495F-AA40-17C82974A0B1}.Release|x86.ActiveCfg = Release|Any CPU
		{8D06929C-B7BD-495F-AA40-17C82974A0B1}.Release|x86.Build.0 = Release|Any CPU
		{3BEA330D-6B6B-4A79-BEEB-6EECF75820E8}.Debug|Any CPU.ActiveCfg = Debug|Any CPU
		{3BEA330D-6B6B-4A79-BEEB-6EECF75820E8}.Debug|Any CPU.Build.0 = Debug|Any CPU
		{3BEA330D-6B6B-4A79-BEEB-6EECF75820E8}.Debug|x64.ActiveCfg = Debug|Any CPU
		{3BEA330D-6B6B-4A79-BEEB-6EECF75820E8}.Debug|x64.Build.0 = Debug|Any CPU
		{3BEA330D-6B6B-4A79-BEEB-6EECF75820E8}.Debug|x86.ActiveCfg = Debug|Any CPU
		{3BEA330D-6B6B-4A79-BEEB-6EECF75820E8}.Debug|x86.Build.0 = Debug|Any CPU
		{3BEA330D-6B6B-4A79-BEEB-6EECF75820E8}.Release|Any CPU.ActiveCfg = Release|Any CPU
		{3BEA330D-6B6B-4A79-BEEB-6EECF75820E8}.Release|Any CPU.Build.0 = Release|Any CPU
		{3BEA330D-6B6B-4A79-BEEB-6EECF75820E8}.Release|x64.ActiveCfg = Release|Any CPU
		{3BEA330D-6B6B-4A79-BEEB-6EECF75820E8}.Release|x64.Build.0 = Release|Any CPU
		{3BEA330D-6B6B-4A79-BEEB-6EECF75820E8}.Release|x86.ActiveCfg = Release|Any CPU
		{3BEA330D-6B6B-4A79-BEEB-6EECF75820E8}.Release|x86.Build.0 = Release|Any CPU
		{B1761FA8-8F07-4F11-87C6-7F23F17B8E8C}.Debug|Any CPU.ActiveCfg = Debug|Any CPU
		{B1761FA8-8F07-4F11-87C6-7F23F17B8E8C}.Debug|Any CPU.Build.0 = Debug|Any CPU
		{B1761FA8-8F07-4F11-87C6-7F23F17B8E8C}.Debug|x64.ActiveCfg = Debug|Any CPU
		{B1761FA8-8F07-4F11-87C6-7F23F17B8E8C}.Debug|x64.Build.0 = Debug|Any CPU
		{B1761FA8-8F07-4F11-87C6-7F23F17B8E8C}.Debug|x86.ActiveCfg = Debug|Any CPU
		{B1761FA8-8F07-4F11-87C6-7F23F17B8E8C}.Debug|x86.Build.0 = Debug|Any CPU
		{B1761FA8-8F07-4F11-87C6-7F23F17B8E8C}.Release|Any CPU.ActiveCfg = Release|Any CPU
		{B1761FA8-8F07-4F11-87C6-7F23F17B8E8C}.Release|Any CPU.Build.0 = Release|Any CPU
		{B1761FA8-8F07-4F11-87C6-7F23F17B8E8C}.Release|x64.ActiveCfg = Release|Any CPU
		{B1761FA8-8F07-4F11-87C6-7F23F17B8E8C}.Release|x64.Build.0 = Release|Any CPU
		{B1761FA8-8F07-4F11-87C6-7F23F17B8E8C}.Release|x86.ActiveCfg = Release|Any CPU
		{B1761FA8-8F07-4F11-87C6-7F23F17B8E8C}.Release|x86.Build.0 = Release|Any CPU
		{131407E1-0FEE-4018-8392-0FB4BFFC2DC3}.Debug|Any CPU.ActiveCfg = Debug|Any CPU
		{131407E1-0FEE-4018-8392-0FB4BFFC2DC3}.Debug|Any CPU.Build.0 = Debug|Any CPU
		{131407E1-0FEE-4018-8392-0FB4BFFC2DC3}.Debug|x64.ActiveCfg = Debug|Any CPU
		{131407E1-0FEE-4018-8392-0FB4BFFC2DC3}.Debug|x64.Build.0 = Debug|Any CPU
		{131407E1-0FEE-4018-8392-0FB4BFFC2DC3}.Debug|x86.ActiveCfg = Debug|Any CPU
		{131407E1-0FEE-4018-8392-0FB4BFFC2DC3}.Debug|x86.Build.0 = Debug|Any CPU
		{131407E1-0FEE-4018-8392-0FB4BFFC2DC3}.Release|Any CPU.ActiveCfg = Release|Any CPU
		{131407E1-0FEE-4018-8392-0FB4BFFC2DC3}.Release|Any CPU.Build.0 = Release|Any CPU
		{131407E1-0FEE-4018-8392-0FB4BFFC2DC3}.Release|x64.ActiveCfg = Release|Any CPU
		{131407E1-0FEE-4018-8392-0FB4BFFC2DC3}.Release|x64.Build.0 = Release|Any CPU
		{131407E1-0FEE-4018-8392-0FB4BFFC2DC3}.Release|x86.ActiveCfg = Release|Any CPU
		{131407E1-0FEE-4018-8392-0FB4BFFC2DC3}.Release|x86.Build.0 = Release|Any CPU
		{21058108-F740-40B8-8A79-DF0D0F954719}.Debug|Any CPU.ActiveCfg = Debug|Any CPU
		{21058108-F740-40B8-8A79-DF0D0F954719}.Debug|Any CPU.Build.0 = Debug|Any CPU
		{21058108-F740-40B8-8A79-DF0D0F954719}.Debug|x64.ActiveCfg = Debug|Any CPU
		{21058108-F740-40B8-8A79-DF0D0F954719}.Debug|x64.Build.0 = Debug|Any CPU
		{21058108-F740-40B8-8A79-DF0D0F954719}.Debug|x86.ActiveCfg = Debug|Any CPU
		{21058108-F740-40B8-8A79-DF0D0F954719}.Debug|x86.Build.0 = Debug|Any CPU
		{21058108-F740-40B8-8A79-DF0D0F954719}.Release|Any CPU.ActiveCfg = Release|Any CPU
		{21058108-F740-40B8-8A79-DF0D0F954719}.Release|Any CPU.Build.0 = Release|Any CPU
		{21058108-F740-40B8-8A79-DF0D0F954719}.Release|x64.ActiveCfg = Release|Any CPU
		{21058108-F740-40B8-8A79-DF0D0F954719}.Release|x64.Build.0 = Release|Any CPU
		{21058108-F740-40B8-8A79-DF0D0F954719}.Release|x86.ActiveCfg = Release|Any CPU
		{21058108-F740-40B8-8A79-DF0D0F954719}.Release|x86.Build.0 = Release|Any CPU
		{480B4299-38FC-4B2B-A6CF-B927BCF2AF96}.Debug|Any CPU.ActiveCfg = Debug|Any CPU
		{480B4299-38FC-4B2B-A6CF-B927BCF2AF96}.Debug|Any CPU.Build.0 = Debug|Any CPU
		{480B4299-38FC-4B2B-A6CF-B927BCF2AF96}.Debug|x64.ActiveCfg = Debug|Any CPU
		{480B4299-38FC-4B2B-A6CF-B927BCF2AF96}.Debug|x64.Build.0 = Debug|Any CPU
		{480B4299-38FC-4B2B-A6CF-B927BCF2AF96}.Debug|x86.ActiveCfg = Debug|Any CPU
		{480B4299-38FC-4B2B-A6CF-B927BCF2AF96}.Debug|x86.Build.0 = Debug|Any CPU
		{480B4299-38FC-4B2B-A6CF-B927BCF2AF96}.Release|Any CPU.ActiveCfg = Release|Any CPU
		{480B4299-38FC-4B2B-A6CF-B927BCF2AF96}.Release|Any CPU.Build.0 = Release|Any CPU
		{480B4299-38FC-4B2B-A6CF-B927BCF2AF96}.Release|x64.ActiveCfg = Release|Any CPU
		{480B4299-38FC-4B2B-A6CF-B927BCF2AF96}.Release|x64.Build.0 = Release|Any CPU
		{480B4299-38FC-4B2B-A6CF-B927BCF2AF96}.Release|x86.ActiveCfg = Release|Any CPU
		{480B4299-38FC-4B2B-A6CF-B927BCF2AF96}.Release|x86.Build.0 = Release|Any CPU
		{719FA2BD-C13A-4F15-B1A9-6A2286F57E43}.Debug|Any CPU.ActiveCfg = Debug|Any CPU
		{719FA2BD-C13A-4F15-B1A9-6A2286F57E43}.Debug|Any CPU.Build.0 = Debug|Any CPU
		{719FA2BD-C13A-4F15-B1A9-6A2286F57E43}.Debug|x64.ActiveCfg = Debug|Any CPU
		{719FA2BD-C13A-4F15-B1A9-6A2286F57E43}.Debug|x64.Build.0 = Debug|Any CPU
		{719FA2BD-C13A-4F15-B1A9-6A2286F57E43}.Debug|x86.ActiveCfg = Debug|Any CPU
		{719FA2BD-C13A-4F15-B1A9-6A2286F57E43}.Debug|x86.Build.0 = Debug|Any CPU
		{719FA2BD-C13A-4F15-B1A9-6A2286F57E43}.Release|Any CPU.ActiveCfg = Release|Any CPU
		{719FA2BD-C13A-4F15-B1A9-6A2286F57E43}.Release|Any CPU.Build.0 = Release|Any CPU
		{719FA2BD-C13A-4F15-B1A9-6A2286F57E43}.Release|x64.ActiveCfg = Release|Any CPU
		{719FA2BD-C13A-4F15-B1A9-6A2286F57E43}.Release|x64.Build.0 = Release|Any CPU
		{719FA2BD-C13A-4F15-B1A9-6A2286F57E43}.Release|x86.ActiveCfg = Release|Any CPU
		{719FA2BD-C13A-4F15-B1A9-6A2286F57E43}.Release|x86.Build.0 = Release|Any CPU
	EndGlobalSection
	GlobalSection(NestedProjects) = preSolution
		{131407E1-0FEE-4018-8392-0FB4BFFC2DC3} = {DF2DD3FC-D72C-4E3A-B8CF-89B098022B87}
		{8D06929C-B7BD-495F-AA40-17C82974A0B1} = {FF880C44-6F4E-4A4C-AB37-143865187DD8}
		{98FC2D7F-2416-4D59-88D6-A7E01B541DEA} = {FF880C44-6F4E-4A4C-AB37-143865187DD8}
		{3BEA330D-6B6B-4A79-BEEB-6EECF75820E8} = {FF880C44-6F4E-4A4C-AB37-143865187DD8}
		{21058108-F740-40B8-8A79-DF0D0F954719} = {DF2DD3FC-D72C-4E3A-B8CF-89B098022B87}
		{480B4299-38FC-4B2B-A6CF-B927BCF2AF96} = {DF2DD3FC-D72C-4E3A-B8CF-89B098022B87}
		{719FA2BD-C13A-4F15-B1A9-6A2286F57E43} = {DF2DD3FC-D72C-4E3A-B8CF-89B098022B87}
	EndGlobalSection
EndGlobal
